{
  "name": "jasonmeng.org",
  "lockfileVersion": 3,
  "requires": true,
  "packages": {
    "": {
      "dependencies": {
        "luciasdk-v3": "^1.2.5"
      }
    },
    "node_modules/crypto": {
      "version": "1.0.1",
      "resolved": "https://registry.npmjs.org/crypto/-/crypto-1.0.1.tgz",
      "integrity": "sha512-VxBKmeNcqQdiUQUW2Tzq0t377b54N2bMtXO/qiLa+6eRRmmC4qT3D4OnTGoT/U6O9aklQ/jTwbOtRMTTY8G0Ig==",
      "deprecated": "This package is no longer supported. It's now a built-in Node module. If you've depended on crypto, you should switch to the one that's built-in.",
      "license": "ISC"
    },
    "node_modules/crypto-js": {
      "version": "4.2.0",
      "resolved": "https://registry.npmjs.org/crypto-js/-/crypto-js-4.2.0.tgz",
      "integrity": "sha512-KALDyEYgpY+Rlob/iriUtjV6d5Eq+Y191A5g4UqLAi8CyGP9N1+FdVbkc1SxKc2r4YAYqG8JzO2KGL+AizD70Q==",
      "license": "MIT"
    },
    "node_modules/js-sha256": {
      "version": "0.11.0",
      "resolved": "https://registry.npmjs.org/js-sha256/-/js-sha256-0.11.0.tgz",
      "integrity": "sha512-6xNlKayMZvds9h1Y1VWc0fQHQ82BxTXizWPEtEeGvmOUYpBRy4gbWroHLpzowe6xiQhHpelCQiE7HEdznyBL9Q==",
      "license": "MIT"
    },
    "node_modules/luciasdk-v3": {
      "version": "1.2.5",
      "resolved": "https://registry.npmjs.org/luciasdk-v3/-/luciasdk-v3-1.2.5.tgz",
      "integrity": "sha512-XH3/JSHB9LAWIV8kDbpV0leDLpvo+/uVfir5BZSfdPjMT+lYTFfKIHswk/S6IHJUlnjFKHtCWtUIUCxrjDleIA==",
      "license": "ISC",
      "dependencies": {
        "crypto": "^1.0.1",
        "crypto-js": "^4.2.0",
        "js-sha256": "^0.11.0",
        "uuid": "^10.0.0"
      }
    },
    "node_modules/uuid": {
      "version": "10.0.0",
      "resolved": "https://registry.npmjs.org/uuid/-/uuid-10.0.0.tgz",
      "integrity": "sha512-8XkAphELsDnEGrDxUOHB3RGvXz6TeuYSGEZBOjtTtPm2lwhGBjLgOzLHB63IUWfBpNucQjND6d3AOudO+H3RWQ==",
      "funding": [
        "https://github.com/sponsors/broofa",
        "https://github.com/sponsors/ctavan"
      ],
      "license": "MIT",
      "bin": {
        "uuid": "dist/bin/uuid"
      }
    }
  }
}
